
Microsoft Visual Studio Solution File, Format Version 12.00
# Visual Studio 15
VisualStudioVersion = 15.0.27703.2042
MinimumVisualStudioVersion = 10.0.40219.1
Project("{9A19103F-16F7-4668-BE54-9A1E7A4F7556}") = "VueCoreBase", "VueCoreBase\VueCoreBase.csproj", "{DA6B369A-5969-4453-85E8-030F2511143D}"
EndProject
Global
	GlobalSection(SolutionConfigurationPlatforms) = preSolution
		Debug|Any CPU = Debug|Any CPU
		Release|Any CPU = Release|Any CPU
	EndGlobalSection
	GlobalSection(ProjectConfigurationPlatforms) = postSolution
		{DA6B369A-5969-4453-85E8-030F2511143D}.Debug|Any CPU.ActiveCfg = Debug|Any CPU
		{DA6B369A-5969-4453-85E8-030F2511143D}.Debug|Any CPU.Build.0 = Debug|Any CPU
		{DA6B369A-5969-4453-85E8-030F2511143D}.Release|Any CPU.ActiveCfg = Release|Any CPU
		{DA6B369A-5969-4453-85E8-030F2511143D}.Release|Any CPU.Build.0 = Release|Any CPU
	EndGlobalSection
	GlobalSection(SolutionProperties) = preSolution
		HideSolutionNode = FALSE
	EndGlobalSection
	GlobalSection(ExtensibilityGlobals) = postSolution
		SolutionGuid = {A004F815-B44C-448D-B35C-9C65BA963790}
	EndGlobalSection
EndGlobal
